
Microsoft Visual Studio Solution File, Format Version 12.00
Project("{FAE04EC0-301F-11D3-BF4B-00C04F79EFBC}") = "RpWeave.Server.Api", "RpWeave.Server.Api\RpWeave.Server.Api.csproj", "{BCFCB507-5AC2-4B7B-96C4-CB02285A1369}"
EndProject
Project("{2150E333-8FDC-42A3-9474-1A3956D46DE8}") = "Solution Items", "Solution Items", "{6B4C304F-6CEC-4D1F-A610-7E21D9B252C2}"
	ProjectSection(SolutionItems) = preProject
		compose.yaml = compose.yaml
	EndProjectSection
EndProject
Project("{FAE04EC0-301F-11D3-BF4B-00C04F79EFBC}") = "RpWeave.Server.Core", "RpWeave.Server.Core\RpWeave.Server.Core.csproj", "{969A3E58-9ED4-40AE-AD4B-89C9DA940C52}"
EndProject
Project("{FAE04EC0-301F-11D3-BF4B-00C04F79EFBC}") = "RpWeave.Server.Data", "RpWeave.Server.Data\RpWeave.Server.Data.csproj", "{0A15A4D8-DF05-42B0-AE50-A86214612486}"
EndProject
Project("{FAE04EC0-301F-11D3-BF4B-00C04F79EFBC}") = "RpWeave.Server.Mcp", "RpWeave.Server.Mcp\RpWeave.Server.Mcp.csproj", "{EC74BC4D-9CD1-40AD-BC2F-8BCA4FA4F809}"
EndProject
Project("{2150E333-8FDC-42A3-9474-1A3956D46DE8}") = "Integrations", "Integrations", "{FE8BC413-1F0C-4C2B-99D1-CEE93839F26A}"
EndProject
Project("{FAE04EC0-301F-11D3-BF4B-00C04F79EFBC}") = "RpWeave.Server.Integrations.Ollama", "RpWeave.Server.Integrations.Ollama\RpWeave.Server.Integrations.Ollama.csproj", "{C3300F1B-7ABC-4937-BF1A-392DE1749448}"
EndProject
Project("{2150E333-8FDC-42A3-9474-1A3956D46DE8}") = "Orchestrations", "Orchestrations", "{B8A57566-9271-4C51-BD7F-D8C840C7FEE1}"
EndProject
Project("{FAE04EC0-301F-11D3-BF4B-00C04F79EFBC}") = "RpWeave.Server.Orchestrations.BookBreakdown", "RpWeave.Server.Orchestrations.BookBreakdown\RpWeave.Server.Orchestrations.BookBreakdown.csproj", "{9F3977D0-A260-4C0F-AC03-E7BC0C044C56}"
EndProject
Global
	GlobalSection(SolutionConfigurationPlatforms) = preSolution
		Debug|Any CPU = Debug|Any CPU
		Debug|x64 = Debug|x64
		Debug|x86 = Debug|x86
		Release|Any CPU = Release|Any CPU
		Release|x64 = Release|x64
		Release|x86 = Release|x86
	EndGlobalSection
	GlobalSection(ProjectConfigurationPlatforms) = postSolution
		{BCFCB507-5AC2-4B7B-96C4-CB02285A1369}.Debug|Any CPU.ActiveCfg = Debug|Any CPU
		{BCFCB507-5AC2-4B7B-96C4-CB02285A1369}.Debug|Any CPU.Build.0 = Debug|Any CPU
		{BCFCB507-5AC2-4B7B-96C4-CB02285A1369}.Debug|x64.ActiveCfg = Debug|Any CPU
		{BCFCB507-5AC2-4B7B-96C4-CB02285A1369}.Debug|x64.Build.0 = Debug|Any CPU
		{BCFCB507-5AC2-4B7B-96C4-CB02285A1369}.Debug|x86.ActiveCfg = Debug|Any CPU
		{BCFCB507-5AC2-4B7B-96C4-CB02285A1369}.Debug|x86.Build.0 = Debug|Any CPU
		{BCFCB507-5AC2-4B7B-96C4-CB02285A1369}.Release|Any CPU.ActiveCfg = Release|Any CPU
		{BCFCB507-5AC2-4B7B-96C4-CB02285A1369}.Release|Any CPU.Build.0 = Release|Any CPU
		{BCFCB507-5AC2-4B7B-96C4-CB02285A1369}.Release|x64.ActiveCfg = Release|Any CPU
		{BCFCB507-5AC2-4B7B-96C4-CB02285A1369}.Release|x64.Build.0 = Release|Any CPU
		{BCFCB507-5AC2-4B7B-96C4-CB02285A1369}.Release|x86.ActiveCfg = Release|Any CPU
		{BCFCB507-5AC2-4B7B-96C4-CB02285A1369}.Release|x86.Build.0 = Release|Any CPU
		{969A3E58-9ED4-40AE-AD4B-89C9DA940C52}.Debug|Any CPU.ActiveCfg = Debug|Any CPU
		{969A3E58-9ED4-40AE-AD4B-89C9DA940C52}.Debug|Any CPU.Build.0 = Debug|Any CPU
		{969A3E58-9ED4-40AE-AD4B-89C9DA940C52}.Debug|x64.ActiveCfg = Debug|Any CPU
		{969A3E58-9ED4-40AE-AD4B-89C9DA940C52}.Debug|x64.Build.0 = Debug|Any CPU
		{969A3E58-9ED4-40AE-AD4B-89C9DA940C52}.Debug|x86.ActiveCfg = Debug|Any CPU
		{969A3E58-9ED4-40AE-AD4B-89C9DA940C52}.Debug|x86.Build.0 = Debug|Any CPU
		{969A3E58-9ED4-40AE-AD4B-89C9DA940C52}.Release|Any CPU.ActiveCfg = Release|Any CPU
		{969A3E58-9ED4-40AE-AD4B-89C9DA940C52}.Release|Any CPU.Build.0 = Release|Any CPU
		{969A3E58-9ED4-40AE-AD4B-89C9DA940C52}.Release|x64.ActiveCfg = Release|Any CPU
		{969A3E58-9ED4-40AE-AD4B-89C9DA940C52}.Release|x64.Build.0 = Release|Any CPU
		{969A3E58-9ED4-40AE-AD4B-89C9DA940C52}.Release|x86.ActiveCfg = Release|Any CPU
		{969A3E58-9ED4-40AE-AD4B-89C9DA940C52}.Release|x86.Build.0 = Release|Any CPU
		{0A15A4D8-DF05-42B0-AE50-A86214612486}.Debug|Any CPU.ActiveCfg = Debug|Any CPU
		{0A15A4D8-DF05-42B0-AE50-A86214612486}.Debug|Any CPU.Build.0 = Debug|Any CPU
		{0A15A4D8-DF05-42B0-AE50-A86214612486}.Debug|x64.ActiveCfg = Debug|Any CPU
		{0A15A4D8-DF05-42B0-AE50-A86214612486}.Debug|x64.Build.0 = Debug|Any CPU
		{0A15A4D8-DF05-42B0-AE50-A86214612486}.Debug|x86.ActiveCfg = Debug|Any CPU
		{0A15A4D8-DF05-42B0-AE50-A86214612486}.Debug|x86.Build.0 = Debug|Any CPU
		{0A15A4D8-DF05-42B0-AE50-A86214612486}.Release|Any CPU.ActiveCfg = Release|Any CPU
		{0A15A4D8-DF05-42B0-AE50-A86214612486}.Release|Any CPU.Build.0 = Release|Any CPU
		{0A15A4D8-DF05-42B0-AE50-A86214612486}.Release|x64.ActiveCfg = Release|Any CPU
		{0A15A4D8-DF05-42B0-AE50-A86214612486}.Release|x64.Build.0 = Release|Any CPU
		{0A15A4D8-DF05-42B0-AE50-A86214612486}.Release|x86.ActiveCfg = Release|Any CPU
		{0A15A4D8-DF05-42B0-AE50-A86214612486}.Release|x86.Build.0 = Release|Any CPU
		{EC74BC4D-9CD1-40AD-BC2F-8BCA4FA4F809}.Debug|Any CPU.ActiveCfg = Debug|Any CPU
		{EC74BC4D-9CD1-40AD-BC2F-8BCA4FA4F809}.Debug|Any CPU.Build.0 = Debug|Any CPU
		{EC74BC4D-9CD1-40AD-BC2F-8BCA4FA4F809}.Debug|x64.ActiveCfg = Debug|Any CPU
		{EC74BC4D-9CD1-40AD-BC2F-8BCA4FA4F809}.Debug|x64.Build.0 = Debug|Any CPU
		{EC74BC4D-9CD1-40AD-BC2F-8BCA4FA4F809}.Debug|x86.ActiveCfg = Debug|Any CPU
		{EC74BC4D-9CD1-40AD-BC2F-8BCA4FA4F809}.Debug|x86.Build.0 = Debug|Any CPU
		{EC74BC4D-9CD1-40AD-BC2F-8BCA4FA4F809}.Release|Any CPU.ActiveCfg = Release|Any CPU
		{EC74BC4D-9CD1-40AD-BC2F-8BCA4FA4F809}.Release|Any CPU.Build.0 = Release|Any CPU
		{EC74BC4D-9CD1-40AD-BC2F-8BCA4FA4F809}.Release|x64.ActiveCfg = Release|Any CPU
		{EC74BC4D-9CD1-40AD-BC2F-8BCA4FA4F809}.Release|x64.Build.0 = Release|Any CPU
		{EC74BC4D-9CD1-40AD-BC2F-8BCA4FA4F809}.Release|x86.ActiveCfg = Release|Any CPU
		{EC74BC4D-9CD1-40AD-BC2F-8BCA4FA4F809}.Release|x86.Build.0 = Release|Any CPU
		{C3300F1B-7ABC-4937-BF1A-392DE1749448}.Debug|Any CPU.ActiveCfg = Debug|Any CPU
		{C3300F1B-7ABC-4937-BF1A-392DE1749448}.Debug|Any CPU.Build.0 = Debug|Any CPU
		{C3300F1B-7ABC-4937-BF1A-392DE1749448}.Debug|x64.ActiveCfg = Debug|Any CPU
		{C3300F1B-7ABC-4937-BF1A-392DE1749448}.Debug|x64.Build.0 = Debug|Any CPU
		{C3300F1B-7ABC-4937-BF1A-392DE1749448}.Debug|x86.ActiveCfg = Debug|Any CPU
		{C3300F1B-7ABC-4937-BF1A-392DE1749448}.Debug|x86.Build.0 = Debug|Any CPU
		{C3300F1B-7ABC-4937-BF1A-392DE1749448}.Release|Any CPU.ActiveCfg = Release|Any CPU
		{C3300F1B-7ABC-4937-BF1A-392DE1749448}.Release|Any CPU.Build.0 = Release|Any CPU
		{C3300F1B-7ABC-4937-BF1A-392DE1749448}.Release|x64.ActiveCfg = Release|Any CPU
		{C3300F1B-7ABC-4937-BF1A-392DE1749448}.Release|x64.Build.0 = Release|Any CPU
		{C3300F1B-7ABC-4937-BF1A-392DE1749448}.Release|x86.ActiveCfg = Release|Any CPU
		{C3300F1B-7ABC-4937-BF1A-392DE1749448}.Release|x86.Build.0 = Release|Any CPU
		{9F3977D0-A260-4C0F-AC03-E7BC0C044C56}.Debug|Any CPU.ActiveCfg = Debug|Any CPU
		{9F3977D0-A260-4C0F-AC03-E7BC0C044C56}.Debug|Any CPU.Build.0 = Debug|Any CPU
		{9F3977D0-A260-4C0F-AC03-E7BC0C044C56}.Debug|x64.ActiveCfg = Debug|Any CPU
		{9F3977D0-A260-4C0F-AC03-E7BC0C044C56}.Debug|x64.Build.0 = Debug|Any CPU
		{9F3977D0-A260-4C0F-AC03-E7BC0C044C56}.Debug|x86.ActiveCfg = Debug|Any CPU
		{9F3977D0-A260-4C0F-AC03-E7BC0C044C56}.Debug|x86.Build.0 = Debug|Any CPU
		{9F3977D0-A260-4C0F-AC03-E7BC0C044C56}.Release|Any CPU.ActiveCfg = Release|Any CPU
		{9F3977D0-A260-4C0F-AC03-E7BC0C044C56}.Release|Any CPU.Build.0 = Release|Any CPU
		{9F3977D0-A260-4C0F-AC03-E7BC0C044C56}.Release|x64.ActiveCfg = Release|Any CPU
		{9F3977D0-A260-4C0F-AC03-E7BC0C044C56}.Release|x64.Build.0 = Release|Any CPU
		{9F3977D0-A260-4C0F-AC03-E7BC0C044C56}.Release|x86.ActiveCfg = Release|Any CPU
		{9F3977D0-A260-4C0F-AC03-E7BC0C044C56}.Release|x86.Build.0 = Release|Any CPU
	EndGlobalSection
	GlobalSection(SolutionProperties) = preSolution
		HideSolutionNode = FALSE
	EndGlobalSection
	GlobalSection(NestedProjects) = preSolution
		{C3300F1B-7ABC-4937-BF1A-392DE1749448} = {FE8BC413-1F0C-4C2B-99D1-CEE93839F26A}
		{9F3977D0-A260-4C0F-AC03-E7BC0C044C56} = {B8A57566-9271-4C51-BD7F-D8C840C7FEE1}
	EndGlobalSection
EndGlobal
